absl-py==2.5.0
ai-edge-litert==2.1.0
aiofiles==25.1.0
astunparse==1.6.3
backports.strenum==1.2.8
certifi==2026.7.22
charset-normalizer==3.5.1
coloredlogs==15.0.1
etils==1.14.0
flatbuffers==25.12.19
fsspec==2026.9.0
gast==0.7.0
google-pasta==0.2.0
grpcio==1.84.0
h5py==3.11.0
humanfriendly==10.0
humanize==4.16.0
idna==3.20
importlib_resources==7.1.0
json2onnx==2.0.3
keras==3.15.1
libclang==18.1.1
Markdown==3.10.3
markdown-it-py==4.2.0
MarkupSafe==3.0.3
mdurl==0.1.2
ml_dtypes==0.5.1
mpmath==1.3.0
msgpack==1.2.2
namex==0.1.0
numpy==1.26.4
onnx==1.19.1
onnx2json==2.0.4
onnx2tf==1.29.24
onnx_graphsurgeon==0.5.8
onnxoptimizer==0.4.2
onnxruntime==1.23.0
onnxsim==0.4.36
opencv-python==4.11.0.86
opt_einsum==3.4.0
optax==0.2.8
optree==0.20.0
orbax-checkpoint==0.12.5
packaging==23.2
pandas==3.0.6
prometheus_client==0.26.0
protobuf==5.29.6
psutil==5.9.5
Pygments==2.21.0
python-dateutil==2.9.0.post0
PyYAML==6.0.3
requests==2.32.5
rich==15.0.0
sam4onnx==2.0.0
sbi4onnx==1.0.7
scc4onnx==1.0.7
scipy==1.17.1
scs4onnx==1.0.18
sde4onnx==1.0.0
sed4onnx==1.0.5
simple_onnx_processing_tools==1.1.32
simplejson==4.1.2
sio4onnx==1.0.3
sit4onnx==1.0.10
six==1.17.0
sna4onnx==1.0.6
snc4onnx==1.0.14
snd4onnx==1.1.7
sne4onnx==2.0.1
sng4onnx==2.0.1
soa4onnx==1.0.5
soc4onnx==1.0.2
sod4onnx==1.0.0
sog4onnx==1.0.17
sor4onnx==1.0.7
spo4onnx==1.0.5
ssc4onnx==1.0.8
ssi4onnx==1.0.4
svs4onnx==1.0.0
sympy==1.14.0
tensorboard==2.19.0
tensorboard-data-server==0.7.2
tensorflow==2.19.0
tensorflow-hub==0.16.1
tensorflow-io-gcs-filesystem==0.37.1
tensorflowjs==4.22.0
tensorstore==0.1.85
termcolor==3.3.0
tf_keras==2.19.0
tqdm==4.70.1
treescope==0.1.10
typing_extensions==4.16.0
urllib3==2.8.0
uvloop==0.22.1
Werkzeug==3.1.8
wrapt==2.4.1
wurlitzer==3.1.1
zipp==4.1.0
